
Microsoft Visual Studio Solution File, Format Version 12.00
# Visual Studio Version 16
VisualStudioVersion = 16.0.30517.126
MinimumVisualStudioVersion = 10.0.40219.1
Project("{FAE04EC0-301F-11D3-BF4B-00C04F79EFBC}") = "SC_192ee762c9ad4f1abbd6d715db58aba2", "VstacJrWffRg30SkQNRNu5WNXg\SC_192ee762c9ad4f1abbd6d715db58aba2.csproj", "{DB281E27-5A10-4F70-B692-013A45A617EB}"
EndProject
Global
	GlobalSection(SolutionConfigurationPlatforms) = preSolution
		Debug|Any CPU = Debug|Any CPU
		Release|Any CPU = Release|Any CPU
	EndGlobalSection
	GlobalSection(ProjectConfigurationPlatforms) = postSolution
		{DB281E27-5A10-4F70-B692-013A45A617EB}.Debug|Any CPU.ActiveCfg = Debug|Any CPU
		{DB281E27-5A10-4F70-B692-013A45A617EB}.Debug|Any CPU.Build.0 = Debug|Any CPU
		{DB281E27-5A10-4F70-B692-013A45A617EB}.Release|Any CPU.ActiveCfg = Release|Any CPU
		{DB281E27-5A10-4F70-B692-013A45A617EB}.Release|Any CPU.Build.0 = Release|Any CPU
	EndGlobalSection
	GlobalSection(SolutionProperties) = preSolution
		HideSolutionNode = FALSE
	EndGlobalSection
	GlobalSection(ExtensibilityGlobals) = postSolution
		SolutionGuid = {E738C311-815B-49BF-8D0D-88AA38033CB3}
	EndGlobalSection
EndGlobal
